
Microsoft Visual Studio Solution File, Format Version 12.00
Project("{FAE04EC0-301F-11D3-BF4B-00C04F79EFBC}") = "request-integrity", "request-integrity.csproj", "{099DDB22-521D-41C0-850A-B59F43E5EEAD}"
EndProject
Global
	GlobalSection(SolutionConfigurationPlatforms) = preSolution
		Debug|Any CPU = Debug|Any CPU
		Release|Any CPU = Release|Any CPU
	EndGlobalSection
	GlobalSection(ProjectConfigurationPlatforms) = postSolution
		{099DDB22-521D-41C0-850A-B59F43E5EEAD}.Debug|Any CPU.ActiveCfg = Debug|Any CPU
		{099DDB22-521D-41C0-850A-B59F43E5EEAD}.Debug|Any CPU.Build.0 = Debug|Any CPU
		{099DDB22-521D-41C0-850A-B59F43E5EEAD}.Release|Any CPU.ActiveCfg = Release|Any CPU
		{099DDB22-521D-41C0-850A-B59F43E5EEAD}.Release|Any CPU.Build.0 = Release|Any CPU
	EndGlobalSection
EndGlobal
